
Microsoft Visual Studio Solution File, Format Version 12.00
# Visual Studio Version 17
VisualStudioVersion = 17.9.34622.214
MinimumVisualStudioVersion = 10.0.40219.1
Project("{FAE04EC0-301F-11D3-BF4B-00C04F79EFBC}") = "HelloWorld", "HelloWorld\HelloWorld.csproj", "{66B08886-DC09-4B79-935D-F37A000F0E7C}"
EndProject
Global
	GlobalSection(SolutionConfigurationPlatforms) = preSolution
		Debug|Any CPU = Debug|Any CPU
		Release|Any CPU = Release|Any CPU
	EndGlobalSection
	GlobalSection(ProjectConfigurationPlatforms) = postSolution
		{66B08886-DC09-4B79-935D-F37A000F0E7C}.Debug|Any CPU.ActiveCfg = Debug|Any CPU
		{66B08886-DC09-4B79-935D-F37A000F0E7C}.Debug|Any CPU.Build.0 = Debug|Any CPU
		{66B08886-DC09-4B79-935D-F37A000F0E7C}.Release|Any CPU.ActiveCfg = Release|Any CPU
		{66B08886-DC09-4B79-935D-F37A000F0E7C}.Release|Any CPU.Build.0 = Release|Any CPU
	EndGlobalSection
	GlobalSection(SolutionProperties) = preSolution
		HideSolutionNode = FALSE
	EndGlobalSection
	GlobalSection(ExtensibilityGlobals) = postSolution
		SolutionGuid = {930053CD-FCB4-4DB4-9A36-C472F73D048E}
	EndGlobalSection
EndGlobal
